# THIS IS AN AUTOGENERATED FILE. DO NOT EDIT THIS FILE DIRECTLY.
# yarn lockfile v1


"@sailshq/lodash@^3.10.2":
  version "3.10.4"
  resolved "https://registry.yarnpkg.com/@sailshq/lodash/-/lodash-3.10.4.tgz#2299648a81a67f4c6ee222c6cf8e261bd9c3fa50"
  integrity sha512-YXJqp9gdHcZKAmBY/WnwFpPtNQp2huD/ME2YMurH2YHJvxrVzYsmpKw/pb7yINArRpp8E++fwbQd3ajYXGA45Q==

anchor@^1.2.0:
  version "1.4.0"
  resolved "https://registry.yarnpkg.com/anchor/-/anchor-1.4.0.tgz#6ab2b8a5d9ebf2939c45ce57ed8fef80aecd99b0"
  integrity sha512-xEu0UWxNa3p5v3MmXN9id5tsMSiniCyzWamf/R3KRkJieSRdXdAWu0Z+tXIpDZbbVLWZSMnD1VEguuYX2s9xag==
  dependencies:
    "@sailshq/lodash" "^3.10.2"
    validator "5.7.0"

bluebird@3.2.1:
  version "3.2.1"
  resolved "https://registry.yarnpkg.com/bluebird/-/bluebird-3.2.1.tgz#3cecf3504904c30ce3e79c170877e893a11910fd"
  integrity sha1-POzzUEkEwwzj55wXCHfok6EZEP0=

bluebird@^3.7.1:
  version "3.7.1"
  resolved "https://registry.yarnpkg.com/bluebird/-/bluebird-3.7.1.tgz#df70e302b471d7473489acf26a93d63b53f874de"
  integrity sha512-DdmyoGCleJnkbp3nkbxTLJ18rjDsE4yCggEwKNXkeV123sPNfOCYeDoeuOY+F2FrSjO1YXcTU+dsy96KMy+gcg==

bpmn-elements@^0.11.0:
  version "0.11.0"
  resolved "https://registry.yarnpkg.com/bpmn-elements/-/bpmn-elements-0.11.0.tgz#1d198471c11b7f15fd3b2814035bb412c128dd86"
  integrity sha512-NJiscfaEW/m+XFr0lX7l+LmK7xAWJodTcmEGwkLffHF94uRCVVIf8A/DD3kK4iwhX60g388DfqVBV4DgdIwVWQ==
  dependencies:
    iso8601-duration "^1.2.0"
    smqp "^1.10.0"

bpmn-engine@^8.4.0:
  version "8.4.0"
  resolved "https://registry.yarnpkg.com/bpmn-engine/-/bpmn-engine-8.4.0.tgz#7fbdc03adb9e874c37b75828ab4347f1fd2db3c3"
  integrity sha512-7NJ91T1YbtVtle6qKT4+RQYfnVlFX8VQ9IErmRXVoGyEbMBTcn+rgXeH2PZtzA6CXqxZADJn7ql8bhe0L+x+dg==
  dependencies:
    bpmn-elements "^0.11.0"
    bpmn-moddle "^6.0.0"
    debug "^4.1.1"
    moddle-context-serializer "^0.11.0"
    smqp "^1.10.0"

bpmn-moddle@^6.0.0:
  version "6.0.0"
  resolved "https://registry.yarnpkg.com/bpmn-moddle/-/bpmn-moddle-6.0.0.tgz#3f44fc1ea50d1cd9a588099a331fe478075dffa3"
  integrity sha512-/yi7LBT4MFWsv5fmQD7/aeCZC94Ot8onADiJMQkosY2XGN85cVmOpPdmo8FfBu+6gjI9EWUnnUWjjY1SDVLeXw==
  dependencies:
    min-dash "^3.0.0"
    moddle "^5.0.1"
    moddle-xml "^8.0.1"

debug@^4.1.1:
  version "4.3.4"
  resolved "https://registry.yarnpkg.com/debug/-/debug-4.3.4.tgz#1319f6579357f2338d3337d2cdd4914bb5dcc865"
  integrity sha512-PRWFHuSU3eDtQJPvnNY7Jcket1j0t5OuOsFzPPzsekD52Zl8qUfFIPEiswXqIvHWGVHOgX+7G/vCNNhehwxfkQ==
  dependencies:
    ms "2.1.2"

flaverr@^1.5.1, flaverr@^1.7.0:
  version "1.10.0"
  resolved "https://registry.yarnpkg.com/flaverr/-/flaverr-1.10.0.tgz#99240b430d0d52a3720efd0e70bef31a04357f9f"
  integrity sha512-POaguCzNjWKEKsBkks4YGgNv1LVUqTX4MTudca5ArQAxtBrPswQLAW8la4Hbo0EZy9tpU3a9WwsKdAACqZnE/Q==
  dependencies:
    "@sailshq/lodash" "^3.10.2"

iso8601-duration@^1.2.0:
  version "1.2.0"
  resolved "https://registry.yarnpkg.com/iso8601-duration/-/iso8601-duration-1.2.0.tgz#5fa6fc180a8fe95ad6a6721c9bdd9069cb59e80e"
  integrity sha512-ErTBd++b17E8nmWII1K1uZtBgD1E8RjyvwmxlCjPHNqHMD7gmcMHOw0E8Ro/6+QT4PhHRSnnMo7bxa1vFPkwhg==

machine@^15.2.2:
  version "15.2.2"
  resolved "https://registry.yarnpkg.com/machine/-/machine-15.2.2.tgz#58e0cc119ffad32b2e70087bb6c23bfb8686452d"
  integrity sha512-gXA/U4bjMyQd2QPw8i+AxzXEDkQBImQVE2P7mmTmXPcfszT+NJc5Me0I1Tn6Fj8zsO5EsmsFxD8Xdia751ik/w==
  dependencies:
    "@sailshq/lodash" "^3.10.2"
    anchor "^1.2.0"
    flaverr "^1.7.0"
    parley "^3.8.0"
    rttc "^10.0.0-3"

min-dash@^3.0.0:
  version "3.5.2"
  resolved "https://registry.yarnpkg.com/min-dash/-/min-dash-3.5.2.tgz#23786fa289116ba3656038e16511577413d27200"
  integrity sha512-YVbJZUtnzT5QsgJUp9H9uyJTW6NJgswFqI27RI/+MSox860uIjaGMbSQBftEzbMXiJVRG24hpoIh3SG666SHgA==

moddle-context-serializer@^0.11.0:
  version "0.11.0"
  resolved "https://registry.yarnpkg.com/moddle-context-serializer/-/moddle-context-serializer-0.11.0.tgz#19293f1b2797bf51adc1f905c82ce5c998c06008"
  integrity sha512-UAjSCeeHw668mk2HLEhWM4tipiflM83MWCE5VNVoBa1q2nDJG5HF7ikpeBpBRr/s8ZK0wcNw91eYgomeI3wrpA==

moddle-xml@^8.0.1:
  version "8.0.1"
  resolved "https://registry.yarnpkg.com/moddle-xml/-/moddle-xml-8.0.1.tgz#0aca9d9c0d32a082d6113599faba8c52f4a3fb31"
  integrity sha512-aeMpZTFv5Vm5sKXtRRIoXb/4eMssNWjsvb0MNPe7g8x3F2cRmQa2AwT8gnjtlefHwmCxQRbIoP2kutmqfgoKzg==
  dependencies:
    min-dash "^3.0.0"
    moddle "^5.0.1"
    saxen "^8.1.0"

moddle@^5.0.1:
  version "5.0.1"
  resolved "https://registry.yarnpkg.com/moddle/-/moddle-5.0.1.tgz#1e27915d5539fcdad33e6e7ad2acdeacc5ad856c"
  integrity sha512-RB9NCYxbnQLiY1ZJ8Y61+I8TBEmmyaMr8Tj0+fJHN8Fm6l5NqojDy1s4LNDxq+omvug4gnzERMgT8uwNsADDvw==
  dependencies:
    min-dash "^3.0.0"

ms@2.1.2:
  version "2.1.2"
  resolved "https://registry.yarnpkg.com/ms/-/ms-2.1.2.tgz#d09d1f357b443f493382a8eb3ccd183872ae6009"
  integrity sha512-sGkPx+VjMtmA6MX27oA4FBFELFCZZ4S4XqeGOXCv68tT+jb3vk/RyaKWP0PTKyWtmLSM0b+adUTEvbs1PEaH2w==

parley@^3.8.0:
  version "3.8.3"
  resolved "https://registry.yarnpkg.com/parley/-/parley-3.8.3.tgz#a7f95ea4b4943d8198101e78629024b878f9b00d"
  integrity sha512-9fSqT4J0jRNh+F/5EAqZvUSq232xjFXZJ3rXgKUXbIUUZ0ZPj6VjW83mI5UpVP8PMGHF3I8xycmvNjs9nQ3O8g==
  dependencies:
    "@sailshq/lodash" "^3.10.2"
    bluebird "3.2.1"
    flaverr "^1.5.1"

rttc@^10.0.0-3:
  version "10.0.1"
  resolved "https://registry.yarnpkg.com/rttc/-/rttc-10.0.1.tgz#18f3d97845528d5f99a9b5aafeb831af3bdbac36"
  integrity sha512-wBsGNVaZ8K1qG0n5jxQ7dnOpvpewyQHGIjbMFYx8D16+51MM+FwkZwDPgH4GtnaTSzrNvrJriXFyvDi7OTZQ0A==
  dependencies:
    "@sailshq/lodash" "^3.10.2"

saxen@^8.1.0:
  version "8.1.0"
  resolved "https://registry.yarnpkg.com/saxen/-/saxen-8.1.0.tgz#d2c91cff7fdcc9458600e32a7d1dc504a9c61011"
  integrity sha512-34U5SdDUxECB5Jkwbc2mAdxHyGvbfCHv0iHgf+x2jaYLlwsPpju9651Lld9CpFpF4zJsoWcF3Q05blXXNOb/cg==

smqp@^1.10.0:
  version "1.10.0"
  resolved "https://registry.yarnpkg.com/smqp/-/smqp-1.10.0.tgz#83902ba5b22e1d2310cf14abd9ccfef0748bb261"
  integrity sha512-HLu2DCi/h7f7NSSsbxQ75WcpBsDlceHARn37dVWlgAoX437kzWm3ao/C7adJT88X236ssvqsC763UtNZIdgT/Q==

validator@5.7.0:
  version "5.7.0"
  resolved "https://registry.yarnpkg.com/validator/-/validator-5.7.0.tgz#7a87a58146b695ac486071141c0c49d67da05e5c"
  integrity sha1-eoelgUa2laxIYHEUHAxJ1n2gXlw=
